{
  "name": "supply-chain-guard",
  "version": "0.8.0",
  "lockfileVersion": 3,
  "requires": true,
  "packages": {
    "": {
      "name": "supply-chain-guard",
      "version": "0.8.0",
      "license": "MIT",
      "dependencies": {
        "semver": "^7.7.2"
      },
      "bin": {
        "scg": "bin/scg.js"
      },
      "engines": {
        "node": ">=22"
      }
    },
    "node_modules/semver": {
      "version": "7.7.4",
      "resolved": "https://packages.applied-caas-gateway1.internal.api.openai.org/artifactory/api/npm/npm-public/semver/-/semver-7.7.4.tgz",
      "integrity": "sha512-vFKC2IEtQnVhpT78h1Yp8wzwrf8CM+MzKMHGJZfBtzhZNycRFnXsHk6E5TxIkkMsgNS7mdX3AGB7x2QM2di4lA==",
      "bin": {
        "semver": "bin/semver.js"
      },
      "engines": {
        "node": ">=10"
      }
    }
  }
}
